<?xml version="1.0" encoding="utf-8"?>
<Project ToolsVersion="4.0" xmlns="http://schemas.microsoft.com/developer/msbuild/2003">
  <ItemGroup>
    <Filter Include="Assets">
      <UniqueIdentifier>{aa2dff80-cc46-4aaa-9c9e-7784c2a0cdf0}</UniqueIdentifier>
    </Filter>
    <Filter Include="Assets\modelData">
      <UniqueIdentifier>{a27dfd5d-af93-4623-b084-aad00b7739c4}</UniqueIdentifier>
    </Filter>
    <Filter Include="character">
      <UniqueIdentifier>{c57b7107-f9f3-4b72-8f3e-8644593ed533}</UniqueIdentifier>
    </Filter>
    <Filter Include="graphics">
      <UniqueIdentifier>{b7a9a0ab-a792-43fe-a5a7-760b8c976aca}</UniqueIdentifier>
    </Filter>
    <Filter Include="graphics\animation">
      <UniqueIdentifier>{d83ac002-5cd8-4ff4-977a-e7b5ebce5263}</UniqueIdentifier>
    </Filter>
    <Filter Include="level">
      <UniqueIdentifier>{73eacaf4-a5db-4539-ab55-83b9c5d4807c}</UniqueIdentifier>
    </Filter>
    <Filter Include="HID">
      <UniqueIdentifier>{bbdeed04-d9d3-4ff9-bb44-9d888be6899a}</UniqueIdentifier>
    </Filter>
    <Filter Include="math">
      <UniqueIdentifier>{39e7f303-3dac-4bde-bedf-33a5497f262e}</UniqueIdentifier>
    </Filter>
    <Filter Include="physics">
      <UniqueIdentifier>{1eed4cab-11aa-4e90-960a-a01360c5a392}</UniqueIdentifier>
    </Filter>
    <Filter Include="system">
      <UniqueIdentifier>{48b58c60-bbe2-40d8-9d2f-e81d065b6820}</UniqueIdentifier>
    </Filter>
    <Filter Include="Player">
      <UniqueIdentifier>{6dedfc0f-0df9-4caf-afd3-4f9ef2bba766}</UniqueIdentifier>
    </Filter>
    <Filter Include="Assets\sprite">
      <UniqueIdentifier>{2e00f5b1-130a-45d2-9a66-12de6ce1a49c}</UniqueIdentifier>
    </Filter>
    <Filter Include="Assets\modelData\Player">
      <UniqueIdentifier>{1b605505-4d16-42b0-95c0-57ac0ae983d0}</UniqueIdentifier>
    </Filter>
    <Filter Include="Assets\modelData\Stage">
      <UniqueIdentifier>{81688c4d-fccc-4be5-a0bb-86bcc4a542dd}</UniqueIdentifier>
    </Filter>
    <Filter Include="GameObject">
      <UniqueIdentifier>{3ae8b0f5-7319-4a2f-b3fb-6a61cfcb68f8}</UniqueIdentifier>
    </Filter>
    <Filter Include="PostEffect">
      <UniqueIdentifier>{9c089c88-889c-4d25-87b6-1ae914a09873}</UniqueIdentifier>
    </Filter>
    <Filter Include="Enemy">
      <UniqueIdentifier>{3103440b-9572-41b6-8e76-57379265fc7f}</UniqueIdentifier>
    </Filter>
    <Filter Include="sound">
      <UniqueIdentifier>{603df532-36c9-42e3-a794-739a028171d3}</UniqueIdentifier>
    </Filter>
    <Filter Include="Time">
      <UniqueIdentifier>{0930222c-fef1-42f6-a805-ebe3e25364d5}</UniqueIdentifier>
    </Filter>
    <Filter Include="Result">
      <UniqueIdentifier>{f26ba654-f154-495a-814e-3895013e5aaa}</UniqueIdentifier>
    </Filter>
    <Filter Include="Font">
      <UniqueIdentifier>{54c6177a-7dc3-4e9e-b497-90b7f0cd8260}</UniqueIdentifier>
    </Filter>
  </ItemGroup>
  <ItemGroup>
    <ClCompile Include="math\Vector.cpp">
      <Filter>math</Filter>
    </ClCompile>
    <ClCompile Include="math\kMath.cpp">
      <Filter>math</Filter>
    </ClCompile>
    <ClCompile Include="math\Matrix.cpp">
      <Filter>math</Filter>
    </ClCompile>
    <ClCompile Include="graphics\GraphicsEngine.cpp">
      <Filter>graphics</Filter>
    </ClCompile>
    <ClCompile Include="graphics\SkinModel.cpp">
      <Filter>graphics</Filter>
    </ClCompile>
    <ClCompile Include="graphics\SkinModelDataManager.cpp">
      <Filter>graphics</Filter>
    </ClCompile>
    <ClCompile Include="graphics\Skeleton.cpp">
      <Filter>graphics</Filter>
    </ClCompile>
    <ClCompile Include="graphics\SkinModelEffect.cpp">
      <Filter>graphics</Filter>
    </ClCompile>
    <ClCompile Include="graphics\Shader.cpp">
      <Filter>graphics</Filter>
    </ClCompile>
    <ClCompile Include="graphics\ShaderResources.cpp">
      <Filter>graphics</Filter>
    </ClCompile>
    <ClCompile Include="graphics\animation\Animation.cpp">
      <Filter>graphics\animation</Filter>
    </ClCompile>
    <ClCompile Include="graphics\animation\AnimationClip.cpp">
      <Filter>graphics\animation</Filter>
    </ClCompile>
    <ClCompile Include="graphics\animation\AnimationPlayController.cpp">
      <Filter>graphics\animation</Filter>
    </ClCompile>
    <ClCompile Include="HID\Pad.cpp">
      <Filter>HID</Filter>
    </ClCompile>
    <ClCompile Include="system\system.cpp">
      <Filter>system</Filter>
    </ClCompile>
    <ClCompile Include="graphics\Camera.cpp">
      <Filter>graphics</Filter>
    </ClCompile>
    <ClCompile Include="physics\RigidBody.cpp">
      <Filter>physics</Filter>
    </ClCompile>
    <ClCompile Include="physics\Physics.cpp">
      <Filter>physics</Filter>
    </ClCompile>
    <ClCompile Include="physics\MeshCollider.cpp">
      <Filter>physics</Filter>
    </ClCompile>
    <ClCompile Include="physics\CapsuleCollider.cpp">
      <Filter>physics</Filter>
    </ClCompile>
    <ClCompile Include="physics\PhysicsStaticObject.cpp">
      <Filter>physics</Filter>
    </ClCompile>
    <ClCompile Include="character\CharacterController.cpp">
      <Filter>character</Filter>
    </ClCompile>
    <ClCompile Include="level\Level.cpp">
      <Filter>level</Filter>
    </ClCompile>
    <ClCompile Include="level\MapChip.cpp">
      <Filter>level</Filter>
    </ClCompile>
    <ClCompile Include="main.cpp" />
    <ClCompile Include="stdafx.cpp" />
    <ClCompile Include="Game.cpp" />
    <ClCompile Include="Player.cpp">
      <Filter>Player</Filter>
    </ClCompile>
    <ClCompile Include="BackGround.cpp" />
    <ClCompile Include="Sprite.cpp">
      <Filter>graphics</Filter>
    </ClCompile>
    <ClCompile Include="GameCamera.cpp" />
    <ClCompile Include="RenderTarget.cpp" />
    <ClCompile Include="GameObjectManager.cpp">
      <Filter>GameObject</Filter>
    </ClCompile>
    <ClCompile Include="IGameObject.cpp">
      <Filter>GameObject</Filter>
    </ClCompile>
    <ClCompile Include="ShadowMap.cpp" />
    <ClCompile Include="Title.cpp" />
    <ClCompile Include="ConstantBufferGPU.cpp">
      <Filter>PostEffect</Filter>
    </ClCompile>
    <ClCompile Include="GaussianBlur.cpp">
      <Filter>PostEffect</Filter>
    </ClCompile>
    <ClCompile Include="PostEffect.cpp">
      <Filter>PostEffect</Filter>
    </ClCompile>
    <ClCompile Include="GamePad.cpp" />
    <ClCompile Include="PhysicsGhostObject.cpp">
      <Filter>physics</Filter>
    </ClCompile>
    <ClCompile Include="BoxCollider.cpp">
      <Filter>physics</Filter>
    </ClCompile>
    <ClCompile Include="PhysicsObjectBase.cpp">
      <Filter>physics</Filter>
    </ClCompile>
    <ClCompile Include="DebugWireframe.cpp">
      <Filter>physics</Filter>
    </ClCompile>
    <ClCompile Include="PlayerPad.cpp">
      <Filter>Player</Filter>
    </ClCompile>
    <ClCompile Include="ComputerPad.cpp">
      <Filter>Enemy</Filter>
    </ClCompile>
    <ClCompile Include="CPSwitchG.cpp">
      <Filter>Enemy</Filter>
    </ClCompile>
    <ClCompile Include="CoursePass.cpp" />
    <ClCompile Include="WeekBackPass.cpp" />
    <ClCompile Include="StartRacePos.cpp" />
    <ClCompile Include="SoundEngine.cpp">
      <Filter>sound</Filter>
    </ClCompile>
    <ClCompile Include="SoundSource.cpp">
      <Filter>sound</Filter>
    </ClCompile>
    <ClCompile Include="WaveFile.cpp">
      <Filter>sound</Filter>
    </ClCompile>
    <ClCompile Include="WaveFileBank.cpp">
      <Filter>sound</Filter>
    </ClCompile>
    <ClCompile Include="GameData.cpp" />
    <ClCompile Include="StopWatch.cpp">
      <Filter>Time</Filter>
    </ClCompile>
    <ClCompile Include="GameTime.cpp">
      <Filter>Time</Filter>
    </ClCompile>
    <ClCompile Include="Result.cpp" />
    <ClCompile Include="CFont.cpp">
      <Filter>Font</Filter>
    </ClCompile>
  </ItemGroup>
  <ItemGroup>
    <ClInclude Include="math\Vector.h">
      <Filter>math</Filter>
    </ClInclude>
    <ClInclude Include="math\kMath.h">
      <Filter>math</Filter>
    </ClInclude>
    <ClInclude Include="math\Matrix.h">
      <Filter>math</Filter>
    </ClInclude>
    <ClInclude Include="graphics\GraphicsEngine.h">
      <Filter>graphics</Filter>
    </ClInclude>
    <ClInclude Include="graphics\SkinModel.h">
      <Filter>graphics</Filter>
    </ClInclude>
    <ClInclude Include="graphics\SkinModelDataManager.h">
      <Filter>graphics</Filter>
    </ClInclude>
    <ClInclude Include="graphics\Skeleton.h">
      <Filter>graphics</Filter>
    </ClInclude>
    <ClInclude Include="graphics\SkinModelEffect.h">
      <Filter>graphics</Filter>
    </ClInclude>
    <ClInclude Include="graphics\Shader.h">
      <Filter>graphics</Filter>
    </ClInclude>
    <ClInclude Include="graphics\SkinModelShaderConst.h">
      <Filter>graphics</Filter>
    </ClInclude>
    <ClInclude Include="graphics\ShaderResources.h">
      <Filter>graphics</Filter>
    </ClInclude>
    <ClInclude Include="graphics\animation\Animation.h">
      <Filter>graphics\animation</Filter>
    </ClInclude>
    <ClInclude Include="graphics\animation\AnimationClip.h">
      <Filter>graphics\animation</Filter>
    </ClInclude>
    <ClInclude Include="graphics\animation\AnimationPlayController.h">
      <Filter>graphics\animation</Filter>
    </ClInclude>
    <ClInclude Include="HID\Pad.h">
      <Filter>HID</Filter>
    </ClInclude>
    <ClInclude Include="system\system.h">
      <Filter>system</Filter>
    </ClInclude>
    <ClInclude Include="graphics\Camera.h">
      <Filter>graphics</Filter>
    </ClInclude>
    <ClInclude Include="physics\RigidBody.h">
      <Filter>physics</Filter>
    </ClInclude>
    <ClInclude Include="physics\Physics.h">
      <Filter>physics</Filter>
    </ClInclude>
    <ClInclude Include="physics\ICollider.h">
      <Filter>physics</Filter>
    </ClInclude>
    <ClInclude Include="physics\MeshCollider.h">
      <Filter>physics</Filter>
    </ClInclude>
    <ClInclude Include="physics\CapsuleCollider.h">
      <Filter>physics</Filter>
    </ClInclude>
    <ClInclude Include="physics\CollisionAttr.h">
      <Filter>physics</Filter>
    </ClInclude>
    <ClInclude Include="physics\PhysicsStaticObject.h">
      <Filter>physics</Filter>
    </ClInclude>
    <ClInclude Include="character\CharacterController.h">
      <Filter>character</Filter>
    </ClInclude>
    <ClInclude Include="level\Level.h">
      <Filter>level</Filter>
    </ClInclude>
    <ClInclude Include="level\MapChip.h">
      <Filter>level</Filter>
    </ClInclude>
    <ClInclude Include="stdafx.h" />
    <ClInclude Include="Game.h" />
    <ClInclude Include="Player.h">
      <Filter>Player</Filter>
    </ClInclude>
    <ClInclude Include="BackGround.h" />
    <ClInclude Include="Sprite.h">
      <Filter>graphics</Filter>
    </ClInclude>
    <ClInclude Include="GameCamera.h" />
    <ClInclude Include="RenderTarget.h" />
    <ClInclude Include="GameObjectManager.h">
      <Filter>GameObject</Filter>
    </ClInclude>
    <ClInclude Include="IGameObject.h">
      <Filter>GameObject</Filter>
    </ClInclude>
    <ClInclude Include="ShadowMap.h" />
    <ClInclude Include="Title.h" />
    <ClInclude Include="ConstantBufferGPU.h">
      <Filter>PostEffect</Filter>
    </ClInclude>
    <ClInclude Include="GaussianBlur.h">
      <Filter>PostEffect</Filter>
    </ClInclude>
    <ClInclude Include="PostEffect.h">
      <Filter>PostEffect</Filter>
    </ClInclude>
    <ClInclude Include="GamePad.h" />
    <ClInclude Include="PhysicsGhostObject.h">
      <Filter>physics</Filter>
    </ClInclude>
    <ClInclude Include="BoxCollider.h">
      <Filter>physics</Filter>
    </ClInclude>
    <ClInclude Include="PhysicsObjectBase.h">
      <Filter>physics</Filter>
    </ClInclude>
    <ClInclude Include="DebugWireframe.h">
      <Filter>physics</Filter>
    </ClInclude>
    <ClInclude Include="ComputerPad.h">
      <Filter>Enemy</Filter>
    </ClInclude>
    <ClInclude Include="CPSwitchG.h">
      <Filter>Enemy</Filter>
    </ClInclude>
    <ClInclude Include="PlayerPad.h">
      <Filter>Player</Filter>
    </ClInclude>
    <ClInclude Include="CoursePass.h" />
    <ClInclude Include="WeekBackPass.h" />
    <ClInclude Include="StartRacePos.h" />
    <ClInclude Include="SoundEngine.h">
      <Filter>sound</Filter>
    </ClInclude>
    <ClInclude Include="SoundSource.h">
      <Filter>sound</Filter>
    </ClInclude>
    <ClInclude Include="WaveFile.h">
      <Filter>sound</Filter>
    </ClInclude>
    <ClInclude Include="WaveFileBank.h">
      <Filter>sound</Filter>
    </ClInclude>
    <ClInclude Include="GameData.h" />
    <ClInclude Include="StopWatch.h">
      <Filter>Time</Filter>
    </ClInclude>
    <ClInclude Include="GameTime.h">
      <Filter>Time</Filter>
    </ClInclude>
    <ClInclude Include="Result.h" />
    <ClInclude Include="CFont.h">
      <Filter>Font</Filter>
    </ClInclude>
  </ItemGroup>
  <ItemGroup>
    <MeshContentTask Include="Assets\modelData\Player\Player_defult.fbx">
      <Filter>Assets\modelData\Player</Filter>
    </MeshContentTask>
    <MeshContentTask Include="Assets\modelData\Stage\Stage_Defult.fbx">
      <Filter>Assets\modelData\Stage</Filter>
    </MeshContentTask>
    <MeshContentTask Include="Assets\modelData\Stage\stage_test.fbx">
      <Filter>Assets\modelData\Stage</Filter>
    </MeshContentTask>
    <MeshContentTask Include="Assets\modelData\Player\hover.fbx">
      <Filter>Assets\modelData\Player</Filter>
    </MeshContentTask>
    <MeshContentTask Include="Assets\modelData\hover\Hope.fbx">
      <Filter>Assets\modelData</Filter>
    </MeshContentTask>
  </ItemGroup>
  <ItemGroup>
    <ImageContentTask Include="Assets\sprite\all_pc.jpg">
      <Filter>Assets\sprite</Filter>
    </ImageContentTask>
    <ImageContentTask Include="Assets\sprite\title.png">
      <Filter>Assets\sprite</Filter>
    </ImageContentTask>
  </ItemGroup>
</Project>